
Microsoft Visual Studio Solution File, Format Version 12.00
# Visual Studio 14
VisualStudioVersion = 14.0.25420.1
MinimumVisualStudioVersion = 10.0.40219.1
Project("{8BC9CEB8-8B4A-11D0-8D11-00A0C91BC942}") = "XCShellExt", "XCShellExt\XCShellExt.vcxproj", "{12301DA3-475D-4479-BE32-039ECF1C8C4D}"
EndProject
Project("{8BC9CEB8-8B4A-11D0-8D11-00A0C91BC942}") = "RegisterCodeGenerator", "RegisterCodeGenerator\RegisterCodeGenerator.vcxproj", "{502D3031-FF13-4108-ADAB-DEE216C68A73}"
EndProject
Project("{8BC9CEB8-8B4A-11D0-8D11-00A0C91BC942}") = "XCopyVISTA", "XCopyVISTA\XCopyVISTA.vcxproj", "{501C6A6A-27C4-41CE-9F69-860CECD08D29}"
EndProject
Project("{8BC9CEB8-8B4A-11D0-8D11-00A0C91BC942}") = "XCShellExt64", "XCShellExt\XCShellExt64.vcxproj", "{D22E55D1-1681-487D-AB9C-45F63D17C10D}"
EndProject
Project("{2150E333-8FDC-42A3-9474-1A3956D46DE8}") = "X64", "X64", "{44228C5C-D930-4BE6-BC84-5805EB701903}"
EndProject
Project("{2150E333-8FDC-42A3-9474-1A3956D46DE8}") = "X86", "X86", "{3856A06D-DC32-40DA-8800-DF2709F9A0D4}"
EndProject
Project("{8BC9CEB8-8B4A-11D0-8D11-00A0C91BC942}") = "ExtremeCopy", "ExtremeCopy\App\ExtremeCopy.vcxproj", "{79E23567-03F7-43C2-885F-41E0C294E96B}"
	ProjectSection(ProjectDependencies) = postProject
		{E435EC1F-0230-4AD8-8C2F-223378E5571F} = {E435EC1F-0230-4AD8-8C2F-223378E5571F}
	EndProjectSection
EndProject
Project("{8BC9CEB8-8B4A-11D0-8D11-00A0C91BC942}") = "XCRes_ENU", "ExtremeCopy\App\Language\XCRes_ENU\XCRes_ENU.vcxproj", "{E435EC1F-0230-4AD8-8C2F-223378E5571F}"
EndProject
Project("{8BC9CEB8-8B4A-11D0-8D11-00A0C91BC942}") = "XCRes_CHN", "ExtremeCopy\App\Language\XCRes_CHN\XCRes_CHN.vcxproj", "{4B942527-2F76-407F-ACA0-CB2E36A15097}"
EndProject
Project("{2150E333-8FDC-42A3-9474-1A3956D46DE8}") = "Test", "Test", "{7BE37B83-3C82-4FB5-B218-3ED3FCA6CA7F}"
EndProject
Project("{8BC9CEB8-8B4A-11D0-8D11-00A0C91BC942}") = "XCTesting", "ExtremeCopy\Test\XCTesting\XCTesting.vcxproj", "{898D5C62-EFB3-4C89-8E8C-292C813C4C09}"
EndProject
Project("{8BC9CEB8-8B4A-11D0-8D11-00A0C91BC942}") = "ExtremeCopy", "ExtremeCopy\App\ExtremeCopy64.vcxproj", "{6BFD59AA-F92F-42F2-AA9B-CB65D8CB9A84}"
EndProject
Project("{8BC9CEB8-8B4A-11D0-8D11-00A0C91BC942}") = "XCopyVISTA", "XCopyVISTA\XCopyVISTA64.vcxproj", "{BA1D33E3-A347-4357-B85E-5A43D6E612F0}"
EndProject
Project("{2150E333-8FDC-42A3-9474-1A3956D46DE8}") = "Language", "Language", "{31D189C6-9BE3-45C3-83CC-4740E7DDBBAD}"
EndProject
Project("{2150E333-8FDC-42A3-9474-1A3956D46DE8}") = "Language", "Language", "{37DEF35A-5D3B-43E2-B9F7-5701C1A13352}"
EndProject
Project("{8BC9CEB8-8B4A-11D0-8D11-00A0C91BC942}") = "ExtremeCopyDLL", "ExtremeCopy\DLL\ExtremeCopyDLL.vcxproj", "{151020E1-50A1-4932-B810-9D277E2360B7}"
EndProject
Project("{8BC9CEB8-8B4A-11D0-8D11-00A0C91BC942}") = "XCRes_JPN", "ExtremeCopy\App\Language\XCRes_JPN\XCRes_JPN.vcxproj", "{CD1739AF-D8FA-4885-911A-C5CC04FC09D5}"
EndProject
Project("{8BC9CEB8-8B4A-11D0-8D11-00A0C91BC942}") = "XCRes_DEU", "ExtremeCopy\App\Language\XCRes_DEU\XCRes_DEU.vcxproj", "{4EFE0AAD-A2FE-4F9B-B1C9-87581C02B2B6}"
EndProject
Project("{8BC9CEB8-8B4A-11D0-8D11-00A0C91BC942}") = "XCRes_IDN", "ExtremeCopy\App\Language\XCRes_IDN\XCRes_IDN.vcxproj", "{E0505CE6-D982-46C8-AE5D-60E2612D6E15}"
EndProject
Project("{8BC9CEB8-8B4A-11D0-8D11-00A0C91BC942}") = "XCRes_DEU", "ExtremeCopy\App\Language\XCRes_DEU\XCRes_DEU64.vcxproj", "{207C5F0B-BA1A-4D7D-B405-0726A58BC3DD}"
EndProject
Project("{8BC9CEB8-8B4A-11D0-8D11-00A0C91BC942}") = "XCRes_IDN", "ExtremeCopy\App\Language\XCRes_IDN\XCRes_IDN64.vcxproj", "{63FAC2B6-9C22-468B-9D38-CD47A43BD5C4}"
EndProject
Project("{8BC9CEB8-8B4A-11D0-8D11-00A0C91BC942}") = "ExtremeCopyDLL64", "ExtremeCopy\DLL\ExtremeCopyDLL64.vcxproj", "{15437868-D5C4-414F-ACFD-C74F095C595A}"
EndProject
Project("{8BC9CEB8-8B4A-11D0-8D11-00A0C91BC942}") = "XCRes_FRA", "ExtremeCopy\App\Language\XCRes_FRA\XCRes_FRA.vcxproj", "{56DA1394-911D-4A8C-BC17-CEC91D0A7C67}"
EndProject
Project("{8BC9CEB8-8B4A-11D0-8D11-00A0C91BC942}") = "XCRes_FRA", "ExtremeCopy\App\Language\XCRes_FRA\XCRes_FRA64.vcxproj", "{DE076329-3AD5-4B51-9782-2108869BCB23}"
EndProject
Project("{8BC9CEB8-8B4A-11D0-8D11-00A0C91BC942}") = "XCRes_ESP", "ExtremeCopy\App\Language\XCRes_ESP\XCRes_ESP64.vcxproj", "{805DB238-0055-48D1-91C5-785F23E3B7EC}"
EndProject
Project("{8BC9CEB8-8B4A-11D0-8D11-00A0C91BC942}") = "XCRes_CHN", "ExtremeCopy\App\Language\XCRes_CHN\XCRes_CHN64.vcxproj", "{C3426410-EAEA-4F7B-B4A9-B12F412C9780}"
EndProject
Project("{8BC9CEB8-8B4A-11D0-8D11-00A0C91BC942}") = "XCRes_PRT", "ExtremeCopy\App\Language\XCRes_PRT\XCRes_PRT64.vcxproj", "{BC19D5C8-EB91-4FC5-ABBA-C031D668705F}"
EndProject
Project("{8BC9CEB8-8B4A-11D0-8D11-00A0C91BC942}") = "XCRes_PRT", "ExtremeCopy\App\Language\XCRes_PRT\XCRes_PRT.vcxproj", "{DE8A08E6-BCB7-4FD6-AA08-BE7B52F416B5}"
EndProject
Project("{8BC9CEB8-8B4A-11D0-8D11-00A0C91BC942}") = "XCRes_ESP", "ExtremeCopy\App\Language\XCRes_ESP\XCRes_ESP.vcxproj", "{7C8E52AC-F3CD-4BD3-8E77-B6A41F573EE0}"
EndProject
Project("{8BC9CEB8-8B4A-11D0-8D11-00A0C91BC942}") = "DebugDLL", "ExtremeCopy\DLL\DebugDLL\DebugDLL.vcxproj", "{D9FA1767-2B1C-4883-AA28-1FCDA6CD2DBF}"
EndProject
Project("{2150E333-8FDC-42A3-9474-1A3956D46DE8}") = "EC Library", "EC Library", "{680FC58F-2685-4CAC-A896-B91C6E5203EA}"
EndProject
Project("{2150E333-8FDC-42A3-9474-1A3956D46DE8}") = "EC Library", "EC Library", "{EDFD8CC8-D9EE-4DBC-8947-8140BF13BEB2}"
EndProject
Project("{8BC9CEB8-8B4A-11D0-8D11-00A0C91BC942}") = "TestDLL", "ExtremeCopy\DLL\TestDLL\TestDLL.vcxproj", "{5C917898-841B-40D8-B2B9-30479D9557E1}"
EndProject
Project("{8BC9CEB8-8B4A-11D0-8D11-00A0C91BC942}") = "XCRes_ITA", "ExtremeCopy\App\Language\XCRes_ITA\XCRes_ITA.vcxproj", "{504E1E12-F7DE-495C-9804-ED9B91A290C0}"
EndProject
Project("{8BC9CEB8-8B4A-11D0-8D11-00A0C91BC942}") = "XCRes_ITA", "ExtremeCopy\App\Language\XCRes_ITA\XCRes_ITA64.vcxproj", "{83FC2FE0-330D-4439-83F5-9E23E7E82631}"
EndProject
Project("{8BC9CEB8-8B4A-11D0-8D11-00A0C91BC942}") = "XCBugReport", "BugReport\BugReport.vcxproj", "{C3F3D5AD-38D1-4183-9B47-7B385CCB612F}"
EndProject
Project("{8BC9CEB8-8B4A-11D0-8D11-00A0C91BC942}") = "XCBugReport", "BugReport\BugReport64.vcxproj", "{A780503E-9946-4769-B2AF-459196CF7941}"
EndProject
Project("{8BC9CEB8-8B4A-11D0-8D11-00A0C91BC942}") = "XCUpdate", "XCUpdate\XCUpdate.vcxproj", "{08BAD34F-84A3-4881-83F2-64721C719EAA}"
EndProject
Project("{8BC9CEB8-8B4A-11D0-8D11-00A0C91BC942}") = "XCUpdate", "XCUpdate\XCUpdate64.vcxproj", "{C83D6157-5CB2-4F95-AD63-6CF6F378D4E2}"
EndProject
Project("{8BC9CEB8-8B4A-11D0-8D11-00A0C91BC942}") = "XCRes_KOR", "ExtremeCopy\App\Language\XCRes_KOR\XCRes_KOR.vcxproj", "{68E9A31F-67FF-4B0E-AB50-9B28BC0A6B06}"
EndProject
Project("{8BC9CEB8-8B4A-11D0-8D11-00A0C91BC942}") = "XCRes_KOR", "ExtremeCopy\App\Language\XCRes_KOR\XCRes_KOR64.vcxproj", "{FF8E8D08-E2DB-4CF5-AF10-D9052466811D}"
EndProject
Project("{8BC9CEB8-8B4A-11D0-8D11-00A0C91BC942}") = "XCRes_CHT", "ExtremeCopy\App\Language\XCRes_CHT\XCRes_CHT.vcxproj", "{FE0B95B4-1D17-4ED2-8604-7F5EF189FA16}"
EndProject
Project("{8BC9CEB8-8B4A-11D0-8D11-00A0C91BC942}") = "XCRes_CHT", "ExtremeCopy\App\Language\XCRes_CHT\XCRes_CHT64.vcxproj", "{D7D9C72F-DB44-46D4-8A8B-D774ABCA799B}"
EndProject
Project("{8BC9CEB8-8B4A-11D0-8D11-00A0C91BC942}") = "XCRes_ENU", "ExtremeCopy\App\Language\XCRes_ENU\XCRes_ENU64.vcxproj", "{9DF76369-1EF7-453A-94AD-7D52F49A4868}"
EndProject
Project("{8BC9CEB8-8B4A-11D0-8D11-00A0C91BC942}") = "XCRes_THA", "ExtremeCopy\App\Language\XCRes_THA\XCRes_THA64.vcxproj", "{2257BE05-81FE-4C01-8E4B-AC2180944D9A}"
EndProject
Project("{8BC9CEB8-8B4A-11D0-8D11-00A0C91BC942}") = "XCRes_THA", "ExtremeCopy\App\Language\XCRes_THA\XCRes_THA.vcxproj", "{9AD5A771-E121-43B8-BE21-9D50543F5481}"
EndProject
Global
	GlobalSection(SolutionConfigurationPlatforms) = preSolution
		Debug|Win32 = Debug|Win32
		Release(Dev)|Win32 = Release(Dev)|Win32
		Release|Win32 = Release|Win32
	EndGlobalSection
	GlobalSection(ProjectConfigurationPlatforms) = postSolution
		{12301DA3-475D-4479-BE32-039ECF1C8C4D}.Debug|Win32.ActiveCfg = Debug|Win32
		{12301DA3-475D-4479-BE32-039ECF1C8C4D}.Release(Dev)|Win32.ActiveCfg = Release|Win32
		{12301DA3-475D-4479-BE32-039ECF1C8C4D}.Release(Dev)|Win32.Build.0 = Release|Win32
		{12301DA3-475D-4479-BE32-039ECF1C8C4D}.Release|Win32.ActiveCfg = Release|Win32
		{12301DA3-475D-4479-BE32-039ECF1C8C4D}.Release|Win32.Build.0 = Release|Win32
		{502D3031-FF13-4108-ADAB-DEE216C68A73}.Debug|Win32.ActiveCfg = Debug|Win32
		{502D3031-FF13-4108-ADAB-DEE216C68A73}.Release(Dev)|Win32.ActiveCfg = Release|Win32
		{502D3031-FF13-4108-ADAB-DEE216C68A73}.Release|Win32.ActiveCfg = Release|Win32
		{501C6A6A-27C4-41CE-9F69-860CECD08D29}.Debug|Win32.ActiveCfg = Debug|Win32
		{501C6A6A-27C4-41CE-9F69-860CECD08D29}.Release(Dev)|Win32.ActiveCfg = Release|Win32
		{501C6A6A-27C4-41CE-9F69-860CECD08D29}.Release(Dev)|Win32.Build.0 = Release|Win32
		{501C6A6A-27C4-41CE-9F69-860CECD08D29}.Release|Win32.ActiveCfg = Release|Win32
		{501C6A6A-27C4-41CE-9F69-860CECD08D29}.Release|Win32.Build.0 = Release|Win32
		{D22E55D1-1681-487D-AB9C-45F63D17C10D}.Debug|Win32.ActiveCfg = Debug|Win32
		{D22E55D1-1681-487D-AB9C-45F63D17C10D}.Release(Dev)|Win32.ActiveCfg = Release|Win32
		{D22E55D1-1681-487D-AB9C-45F63D17C10D}.Release|Win32.ActiveCfg = Release|Win32
		{D22E55D1-1681-487D-AB9C-45F63D17C10D}.Release|Win32.Build.0 = Release|Win32
		{79E23567-03F7-43C2-885F-41E0C294E96B}.Debug|Win32.ActiveCfg = Debug|Win32
		{79E23567-03F7-43C2-885F-41E0C294E96B}.Debug|Win32.Build.0 = Debug|Win32
		{79E23567-03F7-43C2-885F-41E0C294E96B}.Release(Dev)|Win32.ActiveCfg = Release|Win32
		{79E23567-03F7-43C2-885F-41E0C294E96B}.Release(Dev)|Win32.Build.0 = Release|Win32
		{79E23567-03F7-43C2-885F-41E0C294E96B}.Release|Win32.ActiveCfg = Release|Win32
		{79E23567-03F7-43C2-885F-41E0C294E96B}.Release|Win32.Build.0 = Release|Win32
		{E435EC1F-0230-4AD8-8C2F-223378E5571F}.Debug|Win32.ActiveCfg = Debug|Win32
		{E435EC1F-0230-4AD8-8C2F-223378E5571F}.Debug|Win32.Build.0 = Debug|Win32
		{E435EC1F-0230-4AD8-8C2F-223378E5571F}.Release(Dev)|Win32.ActiveCfg = Release|Win32
		{E435EC1F-0230-4AD8-8C2F-223378E5571F}.Release(Dev)|Win32.Build.0 = Release|Win32
		{E435EC1F-0230-4AD8-8C2F-223378E5571F}.Release|Win32.ActiveCfg = Release|Win32
		{E435EC1F-0230-4AD8-8C2F-223378E5571F}.Release|Win32.Build.0 = Release|Win32
		{4B942527-2F76-407F-ACA0-CB2E36A15097}.Debug|Win32.ActiveCfg = Debug|Win32
		{4B942527-2F76-407F-ACA0-CB2E36A15097}.Release(Dev)|Win32.ActiveCfg = Release|Win32
		{4B942527-2F76-407F-ACA0-CB2E36A15097}.Release(Dev)|Win32.Build.0 = Release|Win32
		{4B942527-2F76-407F-ACA0-CB2E36A15097}.Release|Win32.ActiveCfg = Release|Win32
		{4B942527-2F76-407F-ACA0-CB2E36A15097}.Release|Win32.Build.0 = Release|Win32
		{898D5C62-EFB3-4C89-8E8C-292C813C4C09}.Debug|Win32.ActiveCfg = Debug|Win32
		{898D5C62-EFB3-4C89-8E8C-292C813C4C09}.Release(Dev)|Win32.ActiveCfg = Release|Win32
		{898D5C62-EFB3-4C89-8E8C-292C813C4C09}.Release|Win32.ActiveCfg = Release|Win32
		{6BFD59AA-F92F-42F2-AA9B-CB65D8CB9A84}.Debug|Win32.ActiveCfg = Debug|Win32
		{6BFD59AA-F92F-42F2-AA9B-CB65D8CB9A84}.Release(Dev)|Win32.ActiveCfg = Release|Win32
		{6BFD59AA-F92F-42F2-AA9B-CB65D8CB9A84}.Release|Win32.ActiveCfg = Release|Win32
		{BA1D33E3-A347-4357-B85E-5A43D6E612F0}.Debug|Win32.ActiveCfg = Debug|Win32
		{BA1D33E3-A347-4357-B85E-5A43D6E612F0}.Release(Dev)|Win32.ActiveCfg = Release|Win32
		{BA1D33E3-A347-4357-B85E-5A43D6E612F0}.Release|Win32.ActiveCfg = Release|Win32
		{151020E1-50A1-4932-B810-9D277E2360B7}.Debug|Win32.ActiveCfg = Debug|Win32
		{151020E1-50A1-4932-B810-9D277E2360B7}.Release(Dev)|Win32.ActiveCfg = Release|Win32
		{151020E1-50A1-4932-B810-9D277E2360B7}.Release|Win32.ActiveCfg = Release|Win32
		{CD1739AF-D8FA-4885-911A-C5CC04FC09D5}.Debug|Win32.ActiveCfg = Debug|Win32
		{CD1739AF-D8FA-4885-911A-C5CC04FC09D5}.Release(Dev)|Win32.ActiveCfg = Release|Win32
		{CD1739AF-D8FA-4885-911A-C5CC04FC09D5}.Release|Win32.ActiveCfg = Release|Win32
		{4EFE0AAD-A2FE-4F9B-B1C9-87581C02B2B6}.Debug|Win32.ActiveCfg = Debug|Win32
		{4EFE0AAD-A2FE-4F9B-B1C9-87581C02B2B6}.Release(Dev)|Win32.ActiveCfg = Release|Win32
		{4EFE0AAD-A2FE-4F9B-B1C9-87581C02B2B6}.Release(Dev)|Win32.Build.0 = Release|Win32
		{4EFE0AAD-A2FE-4F9B-B1C9-87581C02B2B6}.Release|Win32.ActiveCfg = Release|Win32
		{4EFE0AAD-A2FE-4F9B-B1C9-87581C02B2B6}.Release|Win32.Build.0 = Release|Win32
		{E0505CE6-D982-46C8-AE5D-60E2612D6E15}.Debug|Win32.ActiveCfg = Debug|Win32
		{E0505CE6-D982-46C8-AE5D-60E2612D6E15}.Release(Dev)|Win32.ActiveCfg = Release|Win32
		{E0505CE6-D982-46C8-AE5D-60E2612D6E15}.Release|Win32.ActiveCfg = Release|Win32
		{E0505CE6-D982-46C8-AE5D-60E2612D6E15}.Release|Win32.Build.0 = Release|Win32
		{207C5F0B-BA1A-4D7D-B405-0726A58BC3DD}.Debug|Win32.ActiveCfg = Debug|Win32
		{207C5F0B-BA1A-4D7D-B405-0726A58BC3DD}.Release(Dev)|Win32.ActiveCfg = Release|Win32
		{207C5F0B-BA1A-4D7D-B405-0726A58BC3DD}.Release|Win32.ActiveCfg = Release|Win32
		{63FAC2B6-9C22-468B-9D38-CD47A43BD5C4}.Debug|Win32.ActiveCfg = Debug|Win32
		{63FAC2B6-9C22-468B-9D38-CD47A43BD5C4}.Release(Dev)|Win32.ActiveCfg = Release|Win32
		{63FAC2B6-9C22-468B-9D38-CD47A43BD5C4}.Release|Win32.ActiveCfg = Release|Win32
		{15437868-D5C4-414F-ACFD-C74F095C595A}.Debug|Win32.ActiveCfg = Debug|Win32
		{15437868-D5C4-414F-ACFD-C74F095C595A}.Release(Dev)|Win32.ActiveCfg = Release|Win32
		{15437868-D5C4-414F-ACFD-C74F095C595A}.Release|Win32.ActiveCfg = Release|Win32
		{56DA1394-911D-4A8C-BC17-CEC91D0A7C67}.Debug|Win32.ActiveCfg = Debug|Win32
		{56DA1394-911D-4A8C-BC17-CEC91D0A7C67}.Release(Dev)|Win32.ActiveCfg = Release|Win32
		{56DA1394-911D-4A8C-BC17-CEC91D0A7C67}.Release(Dev)|Win32.Build.0 = Release|Win32
		{56DA1394-911D-4A8C-BC17-CEC91D0A7C67}.Release|Win32.ActiveCfg = Release|Win32
		{56DA1394-911D-4A8C-BC17-CEC91D0A7C67}.Release|Win32.Build.0 = Release|Win32
		{DE076329-3AD5-4B51-9782-2108869BCB23}.Debug|Win32.ActiveCfg = Debug|Win32
		{DE076329-3AD5-4B51-9782-2108869BCB23}.Release(Dev)|Win32.ActiveCfg = Release|Win32
		{DE076329-3AD5-4B51-9782-2108869BCB23}.Release|Win32.ActiveCfg = Release|Win32
		{805DB238-0055-48D1-91C5-785F23E3B7EC}.Debug|Win32.ActiveCfg = Debug|Win32
		{805DB238-0055-48D1-91C5-785F23E3B7EC}.Release(Dev)|Win32.ActiveCfg = Release|Win32
		{805DB238-0055-48D1-91C5-785F23E3B7EC}.Release|Win32.ActiveCfg = Release|Win32
		{C3426410-EAEA-4F7B-B4A9-B12F412C9780}.Debug|Win32.ActiveCfg = Debug|Win32
		{C3426410-EAEA-4F7B-B4A9-B12F412C9780}.Release(Dev)|Win32.ActiveCfg = Release|Win32
		{C3426410-EAEA-4F7B-B4A9-B12F412C9780}.Release|Win32.ActiveCfg = Release|Win32
		{BC19D5C8-EB91-4FC5-ABBA-C031D668705F}.Debug|Win32.ActiveCfg = Debug|Win32
		{BC19D5C8-EB91-4FC5-ABBA-C031D668705F}.Release(Dev)|Win32.ActiveCfg = Release|Win32
		{BC19D5C8-EB91-4FC5-ABBA-C031D668705F}.Release|Win32.ActiveCfg = Release|Win32
		{DE8A08E6-BCB7-4FD6-AA08-BE7B52F416B5}.Debug|Win32.ActiveCfg = Debug|Win32
		{DE8A08E6-BCB7-4FD6-AA08-BE7B52F416B5}.Release(Dev)|Win32.ActiveCfg = Release|Win32
		{DE8A08E6-BCB7-4FD6-AA08-BE7B52F416B5}.Release|Win32.ActiveCfg = Release|Win32
		{DE8A08E6-BCB7-4FD6-AA08-BE7B52F416B5}.Release|Win32.Build.0 = Release|Win32
		{7C8E52AC-F3CD-4BD3-8E77-B6A41F573EE0}.Debug|Win32.ActiveCfg = Debug|Win32
		{7C8E52AC-F3CD-4BD3-8E77-B6A41F573EE0}.Release(Dev)|Win32.ActiveCfg = Release|Win32
		{7C8E52AC-F3CD-4BD3-8E77-B6A41F573EE0}.Release(Dev)|Win32.Build.0 = Release|Win32
		{7C8E52AC-F3CD-4BD3-8E77-B6A41F573EE0}.Release|Win32.ActiveCfg = Release|Win32
		{D9FA1767-2B1C-4883-AA28-1FCDA6CD2DBF}.Debug|Win32.ActiveCfg = Debug|Win32
		{D9FA1767-2B1C-4883-AA28-1FCDA6CD2DBF}.Release(Dev)|Win32.ActiveCfg = Release|Win32
		{D9FA1767-2B1C-4883-AA28-1FCDA6CD2DBF}.Release|Win32.ActiveCfg = Release|Win32
		{5C917898-841B-40D8-B2B9-30479D9557E1}.Debug|Win32.ActiveCfg = Debug|Win32
		{5C917898-841B-40D8-B2B9-30479D9557E1}.Release(Dev)|Win32.ActiveCfg = Release|Win32
		{5C917898-841B-40D8-B2B9-30479D9557E1}.Release|Win32.ActiveCfg = Release|Win32
		{504E1E12-F7DE-495C-9804-ED9B91A290C0}.Debug|Win32.ActiveCfg = Debug|Win32
		{504E1E12-F7DE-495C-9804-ED9B91A290C0}.Release(Dev)|Win32.ActiveCfg = Release|Win32
		{504E1E12-F7DE-495C-9804-ED9B91A290C0}.Release|Win32.ActiveCfg = Release|Win32
		{504E1E12-F7DE-495C-9804-ED9B91A290C0}.Release|Win32.Build.0 = Release|Win32
		{83FC2FE0-330D-4439-83F5-9E23E7E82631}.Debug|Win32.ActiveCfg = Debug|Win32
		{83FC2FE0-330D-4439-83F5-9E23E7E82631}.Release(Dev)|Win32.ActiveCfg = Release|Win32
		{83FC2FE0-330D-4439-83F5-9E23E7E82631}.Release|Win32.ActiveCfg = Release|Win32
		{C3F3D5AD-38D1-4183-9B47-7B385CCB612F}.Debug|Win32.ActiveCfg = Debug|Win32
		{C3F3D5AD-38D1-4183-9B47-7B385CCB612F}.Release(Dev)|Win32.ActiveCfg = Release|Win32
		{C3F3D5AD-38D1-4183-9B47-7B385CCB612F}.Release(Dev)|Win32.Build.0 = Release|Win32
		{C3F3D5AD-38D1-4183-9B47-7B385CCB612F}.Release|Win32.ActiveCfg = Release|Win32
		{C3F3D5AD-38D1-4183-9B47-7B385CCB612F}.Release|Win32.Build.0 = Release|Win32
		{A780503E-9946-4769-B2AF-459196CF7941}.Debug|Win32.ActiveCfg = Debug|Win32
		{A780503E-9946-4769-B2AF-459196CF7941}.Release(Dev)|Win32.ActiveCfg = Release|Win32
		{A780503E-9946-4769-B2AF-459196CF7941}.Release|Win32.ActiveCfg = Release|Win32
		{08BAD34F-84A3-4881-83F2-64721C719EAA}.Debug|Win32.ActiveCfg = Debug|Win32
		{08BAD34F-84A3-4881-83F2-64721C719EAA}.Release(Dev)|Win32.ActiveCfg = Release|Win32
		{08BAD34F-84A3-4881-83F2-64721C719EAA}.Release|Win32.ActiveCfg = Release|Win32
		{08BAD34F-84A3-4881-83F2-64721C719EAA}.Release|Win32.Build.0 = Release|Win32
		{C83D6157-5CB2-4F95-AD63-6CF6F378D4E2}.Debug|Win32.ActiveCfg = Debug|Win32
		{C83D6157-5CB2-4F95-AD63-6CF6F378D4E2}.Release(Dev)|Win32.ActiveCfg = Release|Win32
		{C83D6157-5CB2-4F95-AD63-6CF6F378D4E2}.Release|Win32.ActiveCfg = Release|Win32
		{68E9A31F-67FF-4B0E-AB50-9B28BC0A6B06}.Debug|Win32.ActiveCfg = Debug|Win32
		{68E9A31F-67FF-4B0E-AB50-9B28BC0A6B06}.Release(Dev)|Win32.ActiveCfg = Release|Win32
		{68E9A31F-67FF-4B0E-AB50-9B28BC0A6B06}.Release|Win32.ActiveCfg = Release|Win32
		{68E9A31F-67FF-4B0E-AB50-9B28BC0A6B06}.Release|Win32.Build.0 = Release|Win32
		{FF8E8D08-E2DB-4CF5-AF10-D9052466811D}.Debug|Win32.ActiveCfg = Debug|Win32
		{FF8E8D08-E2DB-4CF5-AF10-D9052466811D}.Release(Dev)|Win32.ActiveCfg = Release(Dev)|Win32
		{FF8E8D08-E2DB-4CF5-AF10-D9052466811D}.Release|Win32.ActiveCfg = Release|Win32
		{FF8E8D08-E2DB-4CF5-AF10-D9052466811D}.Release|Win32.Build.0 = Release|Win32
		{FE0B95B4-1D17-4ED2-8604-7F5EF189FA16}.Debug|Win32.ActiveCfg = Debug|Win32
		{FE0B95B4-1D17-4ED2-8604-7F5EF189FA16}.Release(Dev)|Win32.ActiveCfg = Release(Dev)|Win32
		{FE0B95B4-1D17-4ED2-8604-7F5EF189FA16}.Release(Dev)|Win32.Build.0 = Release(Dev)|Win32
		{FE0B95B4-1D17-4ED2-8604-7F5EF189FA16}.Release|Win32.ActiveCfg = Release|Win32
		{FE0B95B4-1D17-4ED2-8604-7F5EF189FA16}.Release|Win32.Build.0 = Release|Win32
		{D7D9C72F-DB44-46D4-8A8B-D774ABCA799B}.Debug|Win32.ActiveCfg = Debug|Win32
		{D7D9C72F-DB44-46D4-8A8B-D774ABCA799B}.Release(Dev)|Win32.ActiveCfg = Release(Dev)|Win32
		{D7D9C72F-DB44-46D4-8A8B-D774ABCA799B}.Release(Dev)|Win32.Build.0 = Release(Dev)|Win32
		{D7D9C72F-DB44-46D4-8A8B-D774ABCA799B}.Release|Win32.ActiveCfg = Release|Win32
		{9DF76369-1EF7-453A-94AD-7D52F49A4868}.Debug|Win32.ActiveCfg = Debug|Win32
		{9DF76369-1EF7-453A-94AD-7D52F49A4868}.Release(Dev)|Win32.ActiveCfg = Release(Dev)|Win32
		{9DF76369-1EF7-453A-94AD-7D52F49A4868}.Release(Dev)|Win32.Build.0 = Release(Dev)|Win32
		{9DF76369-1EF7-453A-94AD-7D52F49A4868}.Release|Win32.ActiveCfg = Release|Win32
		{9DF76369-1EF7-453A-94AD-7D52F49A4868}.Release|Win32.Build.0 = Release|Win32
		{2257BE05-81FE-4C01-8E4B-AC2180944D9A}.Debug|Win32.ActiveCfg = Debug|Win32
		{2257BE05-81FE-4C01-8E4B-AC2180944D9A}.Release(Dev)|Win32.ActiveCfg = Release(Dev)|Win32
		{2257BE05-81FE-4C01-8E4B-AC2180944D9A}.Release|Win32.ActiveCfg = Release|Win32
		{2257BE05-81FE-4C01-8E4B-AC2180944D9A}.Release|Win32.Build.0 = Release|Win32
		{9AD5A771-E121-43B8-BE21-9D50543F5481}.Debug|Win32.ActiveCfg = Debug|Win32
		{9AD5A771-E121-43B8-BE21-9D50543F5481}.Release(Dev)|Win32.ActiveCfg = Release(Dev)|Win32
		{9AD5A771-E121-43B8-BE21-9D50543F5481}.Release|Win32.ActiveCfg = Release|Win32
		{9AD5A771-E121-43B8-BE21-9D50543F5481}.Release|Win32.Build.0 = Release|Win32
	EndGlobalSection
	GlobalSection(SolutionProperties) = preSolution
		HideSolutionNode = FALSE
	EndGlobalSection
	GlobalSection(NestedProjects) = preSolution
		{12301DA3-475D-4479-BE32-039ECF1C8C4D} = {3856A06D-DC32-40DA-8800-DF2709F9A0D4}
		{502D3031-FF13-4108-ADAB-DEE216C68A73} = {3856A06D-DC32-40DA-8800-DF2709F9A0D4}
		{501C6A6A-27C4-41CE-9F69-860CECD08D29} = {3856A06D-DC32-40DA-8800-DF2709F9A0D4}
		{D22E55D1-1681-487D-AB9C-45F63D17C10D} = {44228C5C-D930-4BE6-BC84-5805EB701903}
		{79E23567-03F7-43C2-885F-41E0C294E96B} = {3856A06D-DC32-40DA-8800-DF2709F9A0D4}
		{E435EC1F-0230-4AD8-8C2F-223378E5571F} = {31D189C6-9BE3-45C3-83CC-4740E7DDBBAD}
		{4B942527-2F76-407F-ACA0-CB2E36A15097} = {31D189C6-9BE3-45C3-83CC-4740E7DDBBAD}
		{898D5C62-EFB3-4C89-8E8C-292C813C4C09} = {7BE37B83-3C82-4FB5-B218-3ED3FCA6CA7F}
		{6BFD59AA-F92F-42F2-AA9B-CB65D8CB9A84} = {44228C5C-D930-4BE6-BC84-5805EB701903}
		{BA1D33E3-A347-4357-B85E-5A43D6E612F0} = {44228C5C-D930-4BE6-BC84-5805EB701903}
		{31D189C6-9BE3-45C3-83CC-4740E7DDBBAD} = {3856A06D-DC32-40DA-8800-DF2709F9A0D4}
		{37DEF35A-5D3B-43E2-B9F7-5701C1A13352} = {44228C5C-D930-4BE6-BC84-5805EB701903}
		{151020E1-50A1-4932-B810-9D277E2360B7} = {680FC58F-2685-4CAC-A896-B91C6E5203EA}
		{CD1739AF-D8FA-4885-911A-C5CC04FC09D5} = {31D189C6-9BE3-45C3-83CC-4740E7DDBBAD}
		{4EFE0AAD-A2FE-4F9B-B1C9-87581C02B2B6} = {31D189C6-9BE3-45C3-83CC-4740E7DDBBAD}
		{E0505CE6-D982-46C8-AE5D-60E2612D6E15} = {31D189C6-9BE3-45C3-83CC-4740E7DDBBAD}
		{207C5F0B-BA1A-4D7D-B405-0726A58BC3DD} = {37DEF35A-5D3B-43E2-B9F7-5701C1A13352}
		{63FAC2B6-9C22-468B-9D38-CD47A43BD5C4} = {37DEF35A-5D3B-43E2-B9F7-5701C1A13352}
		{15437868-D5C4-414F-ACFD-C74F095C595A} = {EDFD8CC8-D9EE-4DBC-8947-8140BF13BEB2}
		{56DA1394-911D-4A8C-BC17-CEC91D0A7C67} = {31D189C6-9BE3-45C3-83CC-4740E7DDBBAD}
		{DE076329-3AD5-4B51-9782-2108869BCB23} = {37DEF35A-5D3B-43E2-B9F7-5701C1A13352}
		{805DB238-0055-48D1-91C5-785F23E3B7EC} = {37DEF35A-5D3B-43E2-B9F7-5701C1A13352}
		{C3426410-EAEA-4F7B-B4A9-B12F412C9780} = {37DEF35A-5D3B-43E2-B9F7-5701C1A13352}
		{BC19D5C8-EB91-4FC5-ABBA-C031D668705F} = {37DEF35A-5D3B-43E2-B9F7-5701C1A13352}
		{DE8A08E6-BCB7-4FD6-AA08-BE7B52F416B5} = {31D189C6-9BE3-45C3-83CC-4740E7DDBBAD}
		{7C8E52AC-F3CD-4BD3-8E77-B6A41F573EE0} = {31D189C6-9BE3-45C3-83CC-4740E7DDBBAD}
		{D9FA1767-2B1C-4883-AA28-1FCDA6CD2DBF} = {680FC58F-2685-4CAC-A896-B91C6E5203EA}
		{680FC58F-2685-4CAC-A896-B91C6E5203EA} = {3856A06D-DC32-40DA-8800-DF2709F9A0D4}
		{EDFD8CC8-D9EE-4DBC-8947-8140BF13BEB2} = {44228C5C-D930-4BE6-BC84-5805EB701903}
		{5C917898-841B-40D8-B2B9-30479D9557E1} = {680FC58F-2685-4CAC-A896-B91C6E5203EA}
		{504E1E12-F7DE-495C-9804-ED9B91A290C0} = {31D189C6-9BE3-45C3-83CC-4740E7DDBBAD}
		{83FC2FE0-330D-4439-83F5-9E23E7E82631} = {37DEF35A-5D3B-43E2-B9F7-5701C1A13352}
		{C3F3D5AD-38D1-4183-9B47-7B385CCB612F} = {3856A06D-DC32-40DA-8800-DF2709F9A0D4}
		{A780503E-9946-4769-B2AF-459196CF7941} = {44228C5C-D930-4BE6-BC84-5805EB701903}
		{08BAD34F-84A3-4881-83F2-64721C719EAA} = {3856A06D-DC32-40DA-8800-DF2709F9A0D4}
		{C83D6157-5CB2-4F95-AD63-6CF6F378D4E2} = {44228C5C-D930-4BE6-BC84-5805EB701903}
		{68E9A31F-67FF-4B0E-AB50-9B28BC0A6B06} = {31D189C6-9BE3-45C3-83CC-4740E7DDBBAD}
		{FF8E8D08-E2DB-4CF5-AF10-D9052466811D} = {37DEF35A-5D3B-43E2-B9F7-5701C1A13352}
		{FE0B95B4-1D17-4ED2-8604-7F5EF189FA16} = {31D189C6-9BE3-45C3-83CC-4740E7DDBBAD}
		{D7D9C72F-DB44-46D4-8A8B-D774ABCA799B} = {37DEF35A-5D3B-43E2-B9F7-5701C1A13352}
		{9DF76369-1EF7-453A-94AD-7D52F49A4868} = {37DEF35A-5D3B-43E2-B9F7-5701C1A13352}
		{2257BE05-81FE-4C01-8E4B-AC2180944D9A} = {37DEF35A-5D3B-43E2-B9F7-5701C1A13352}
		{9AD5A771-E121-43B8-BE21-9D50543F5481} = {31D189C6-9BE3-45C3-83CC-4740E7DDBBAD}
	EndGlobalSection
EndGlobal
