<?xml version="1.0" encoding="utf-8"?>
<Project ToolsVersion="4.0" xmlns="http://schemas.microsoft.com/developer/msbuild/2003">
  <ItemGroup>
    <Filter Include="Header Files">
      <UniqueIdentifier>{93995380-89BD-4b04-88EB-625FBE52EBFB}</UniqueIdentifier>
      <Extensions>h;hpp;hxx;hm;inl;inc;xsd</Extensions>
    </Filter>
    <Filter Include="Header Files\Core">
      <UniqueIdentifier>{ce11d451-071a-48fd-8d08-b81a539140ab}</UniqueIdentifier>
    </Filter>
    <Filter Include="Resource Files">
      <UniqueIdentifier>{67DA6AB6-F800-4c08-8B7A-83BB121AAD01}</UniqueIdentifier>
      <Extensions>rc;ico;cur;bmp;dlg;rc2;rct;bin;rgs;gif;jpg;jpeg;jpe;resx;tiff;tif;png;wav</Extensions>
    </Filter>
    <Filter Include="Source Files">
      <UniqueIdentifier>{4FC737F1-C7A5-4376-A066-2A32D752A2FF}</UniqueIdentifier>
      <Extensions>cpp;c;cc;cxx;def;odl;idl;hpj;bat;asm;asmx</Extensions>
    </Filter>
    <Filter Include="Source Files\Core">
      <UniqueIdentifier>{6f5f94e4-8809-403a-ad2c-e0b0b8c1728d}</UniqueIdentifier>
    </Filter>
    <Filter Include="Header Files\Common">
      <UniqueIdentifier>{ce35c0bd-8ec0-43be-bc16-efe1f1223cb7}</UniqueIdentifier>
    </Filter>
    <Filter Include="Source Files\Common">
      <UniqueIdentifier>{e631597f-5778-40cf-8c73-060c4e6f37fb}</UniqueIdentifier>
    </Filter>
  </ItemGroup>
  <ItemGroup>
    <ClCompile Include="dllmain.cpp">
      <Filter>Source Files</Filter>
    </ClCompile>
    <ClCompile Include="stdafx.cpp">
      <Filter>Source Files</Filter>
    </ClCompile>
    <ClCompile Include="..\Core\XCWinStorageRelative.cpp">
      <Filter>Source Files\Core</Filter>
    </ClCompile>
    <ClCompile Include="..\Core\XCTransformFilter.cpp">
      <Filter>Source Files\Core</Filter>
    </ClCompile>
    <ClCompile Include="..\Core\XCTransCore.cpp">
      <Filter>Source Files\Core</Filter>
    </ClCompile>
    <ClCompile Include="..\Core\XCSyncFileDataTransFilter.cpp">
      <Filter>Source Files\Core</Filter>
    </ClCompile>
    <ClCompile Include="..\Core\XCSourceFilter.cpp">
      <Filter>Source Files\Core</Filter>
    </ClCompile>
    <ClCompile Include="..\Core\XCPin.cpp">
      <Filter>Source Files\Core</Filter>
    </ClCompile>
    <ClCompile Include="..\Core\XCNetworkSourceFilter.cpp">
      <Filter>Source Files\Core</Filter>
    </ClCompile>
    <ClCompile Include="..\Core\XCLocalFileSyncSourceFilter.cpp">
      <Filter>Source Files\Core</Filter>
    </ClCompile>
    <ClCompile Include="..\Core\XCLocalFileSyncDestnationFilter.cpp">
      <Filter>Source Files\Core</Filter>
    </ClCompile>
    <ClCompile Include="..\Core\XCLocalFileAsynSourceFilter.cpp">
      <Filter>Source Files\Core</Filter>
    </ClCompile>
    <ClCompile Include="..\Core\XCLocalFileAsynDestnationFilter2.cpp">
      <Filter>Source Files\Core</Filter>
    </ClCompile>
    <ClCompile Include="..\Core\XCFileDataCacheTransFilter.cpp">
      <Filter>Source Files\Core</Filter>
    </ClCompile>
    <ClCompile Include="..\Core\XCFileDataBuffer.cpp">
      <Filter>Source Files\Core</Filter>
    </ClCompile>
    <ClCompile Include="..\Core\XCFileChangingBuffer.cpp">
      <Filter>Source Files\Core</Filter>
    </ClCompile>
    <ClCompile Include="..\Core\XCDuplicateOutputTransFilter.cpp">
      <Filter>Source Files\Core</Filter>
    </ClCompile>
    <ClCompile Include="..\Core\XCDestinationFilter.cpp">
      <Filter>Source Files\Core</Filter>
    </ClCompile>
    <ClCompile Include="..\Core\XCCoreDefine.cpp">
      <Filter>Source Files\Core</Filter>
    </ClCompile>
    <ClCompile Include="..\Core\XCCore.cpp">
      <Filter>Source Files\Core</Filter>
    </ClCompile>
    <ClCompile Include="..\Core\XCCopyingEvent.cpp">
      <Filter>Source Files\Core</Filter>
    </ClCompile>
    <ClCompile Include="..\Core\XCCopyCondition.cpp">
      <Filter>Source Files\Core</Filter>
    </ClCompile>
    <ClCompile Include="..\Core\XCAsyncFileDataTransFilter.cpp">
      <Filter>Source Files\Core</Filter>
    </ClCompile>
    <ClCompile Include="..\Common\CptDiskManager.cpp">
      <Filter>Source Files\Common</Filter>
    </ClCompile>
    <ClCompile Include="..\Common\CptPerformanceCalcator.cpp">
      <Filter>Source Files\Common</Filter>
    </ClCompile>
    <ClCompile Include="..\Common\ptCmdLineParser.cpp">
      <Filter>Source Files\Common</Filter>
    </ClCompile>
    <ClCompile Include="..\Common\ptFolderSize.cpp">
      <Filter>Source Files\Common</Filter>
    </ClCompile>
    <ClCompile Include="..\Common\ptMsgQue.cpp">
      <Filter>Source Files\Common</Filter>
    </ClCompile>
    <ClCompile Include="..\Common\ptNamePipe.cpp">
      <Filter>Source Files\Common</Filter>
    </ClCompile>
    <ClCompile Include="..\Common\ptRegistry.cpp">
      <Filter>Source Files\Common</Filter>
    </ClCompile>
    <ClCompile Include="..\Common\ptShellTray.cpp">
      <Filter>Source Files\Common</Filter>
    </ClCompile>
    <ClCompile Include="..\Common\ptString.cpp">
      <Filter>Source Files\Common</Filter>
    </ClCompile>
    <ClCompile Include="..\Common\ptThread.cpp">
      <Filter>Source Files\Common</Filter>
    </ClCompile>
    <ClCompile Include="..\Common\ptTime.cpp">
      <Filter>Source Files\Common</Filter>
    </ClCompile>
    <ClCompile Include="..\Common\ptWinPath.cpp">
      <Filter>Source Files\Common</Filter>
    </ClCompile>
    <ClCompile Include="..\Common\WndShadow.cpp">
      <Filter>Source Files\Common</Filter>
    </ClCompile>
    <ClCompile Include="..\Common\TinyXML\tinystr.cpp">
      <Filter>Source Files\Common</Filter>
    </ClCompile>
    <ClCompile Include="..\Common\TinyXML\tinyxml.cpp">
      <Filter>Source Files\Common</Filter>
    </ClCompile>
    <ClCompile Include="..\Common\TinyXML\tinyxmlerror.cpp">
      <Filter>Source Files\Common</Filter>
    </ClCompile>
    <ClCompile Include="..\Common\TinyXML\tinyxmlparser.cpp">
      <Filter>Source Files\Common</Filter>
    </ClCompile>
    <ClCompile Include="..\Core\XCSameDriveMoveFile.cpp">
      <Filter>Source Files\Core</Filter>
    </ClCompile>
    <ClCompile Include="..\App\RegisterCode.cpp">
      <Filter>Source Files</Filter>
    </ClCompile>
    <ClCompile Include="ExtremeCopyApp.cpp">
      <Filter>Source Files</Filter>
    </ClCompile>
  </ItemGroup>
  <ItemGroup>
    <ClInclude Include="stdafx.h">
      <Filter>Header Files</Filter>
    </ClInclude>
    <ClInclude Include="targetver.h">
      <Filter>Header Files</Filter>
    </ClInclude>
    <ClInclude Include="..\Core\XCAsyncFileDataTransFilter.h">
      <Filter>Header Files\Core</Filter>
    </ClInclude>
    <ClInclude Include="..\Core\XCCopyCondition.h">
      <Filter>Header Files\Core</Filter>
    </ClInclude>
    <ClInclude Include="..\Core\XCCopyingEvent.h">
      <Filter>Header Files\Core</Filter>
    </ClInclude>
    <ClInclude Include="..\Core\XCCore.h">
      <Filter>Header Files\Core</Filter>
    </ClInclude>
    <ClInclude Include="..\Core\XCCoreDefine.h">
      <Filter>Header Files\Core</Filter>
    </ClInclude>
    <ClInclude Include="..\Core\XCDestinationFilter.h">
      <Filter>Header Files\Core</Filter>
    </ClInclude>
    <ClInclude Include="..\Core\XCDuplicateOutputTransFilter.h">
      <Filter>Header Files\Core</Filter>
    </ClInclude>
    <ClInclude Include="..\Core\XCFileChangingBuffer.h">
      <Filter>Header Files\Core</Filter>
    </ClInclude>
    <ClInclude Include="..\Core\XCFileDataBuffer.h">
      <Filter>Header Files\Core</Filter>
    </ClInclude>
    <ClInclude Include="..\Core\XCFileDataCacheTransFilter.h">
      <Filter>Header Files\Core</Filter>
    </ClInclude>
    <ClInclude Include="..\Core\XCFilterProtocol.h">
      <Filter>Header Files\Core</Filter>
    </ClInclude>
    <ClInclude Include="..\Core\XCLocalFileAsynDestnationFilter2.h">
      <Filter>Header Files\Core</Filter>
    </ClInclude>
    <ClInclude Include="..\Core\XCLocalFileAsynSourceFilter.h">
      <Filter>Header Files\Core</Filter>
    </ClInclude>
    <ClInclude Include="..\Core\XCLocalFileSyncDestnationFilter.h">
      <Filter>Header Files\Core</Filter>
    </ClInclude>
    <ClInclude Include="..\Core\XCLocalFileSyncSourceFilter.h">
      <Filter>Header Files\Core</Filter>
    </ClInclude>
    <ClInclude Include="..\Core\XCNetworkSourceFilter.h">
      <Filter>Header Files\Core</Filter>
    </ClInclude>
    <ClInclude Include="..\Core\XCPin.h">
      <Filter>Header Files\Core</Filter>
    </ClInclude>
    <ClInclude Include="..\Core\XCSourceFilter.h">
      <Filter>Header Files\Core</Filter>
    </ClInclude>
    <ClInclude Include="..\Core\XCSyncFileDataTransFilter.h">
      <Filter>Header Files\Core</Filter>
    </ClInclude>
    <ClInclude Include="..\Core\XCTransCore.h">
      <Filter>Header Files\Core</Filter>
    </ClInclude>
    <ClInclude Include="..\Core\XCTransformFilter.h">
      <Filter>Header Files\Core</Filter>
    </ClInclude>
    <ClInclude Include="..\Core\XCWinStorageRelative.h">
      <Filter>Header Files\Core</Filter>
    </ClInclude>
    <ClInclude Include="..\Common\TinyXML\tinystr.h">
      <Filter>Header Files\Common</Filter>
    </ClInclude>
    <ClInclude Include="..\Common\TinyXML\tinyxml.h">
      <Filter>Header Files\Common</Filter>
    </ClInclude>
    <ClInclude Include="..\Common\CptCharCode.h">
      <Filter>Header Files\Common</Filter>
    </ClInclude>
    <ClInclude Include="..\Common\CptDiskManager.h">
      <Filter>Header Files\Common</Filter>
    </ClInclude>
    <ClInclude Include="..\Common\CptPerformanceCalcator.h">
      <Filter>Header Files\Common</Filter>
    </ClInclude>
    <ClInclude Include="..\Common\ptCmdLineParser.h">
      <Filter>Header Files\Common</Filter>
    </ClInclude>
    <ClInclude Include="..\Common\ptFolderSize.h">
      <Filter>Header Files\Common</Filter>
    </ClInclude>
    <ClInclude Include="..\Common\ptGlobal.h">
      <Filter>Header Files\Common</Filter>
    </ClInclude>
    <ClInclude Include="..\Common\ptMsgQue.h">
      <Filter>Header Files\Common</Filter>
    </ClInclude>
    <ClInclude Include="..\Common\ptNamePipe.h">
      <Filter>Header Files\Common</Filter>
    </ClInclude>
    <ClInclude Include="..\Common\ptRegistry.h">
      <Filter>Header Files\Common</Filter>
    </ClInclude>
    <ClInclude Include="..\Common\ptShellTray.h">
      <Filter>Header Files\Common</Filter>
    </ClInclude>
    <ClInclude Include="..\Common\ptString.h">
      <Filter>Header Files\Common</Filter>
    </ClInclude>
    <ClInclude Include="..\Common\ptThread.h">
      <Filter>Header Files\Common</Filter>
    </ClInclude>
    <ClInclude Include="..\Common\ptThreadLock.h">
      <Filter>Header Files\Common</Filter>
    </ClInclude>
    <ClInclude Include="..\Common\ptTime.h">
      <Filter>Header Files\Common</Filter>
    </ClInclude>
    <ClInclude Include="..\Common\ptTypeDef.h">
      <Filter>Header Files\Common</Filter>
    </ClInclude>
    <ClInclude Include="..\Common\ptWinGraphic.h">
      <Filter>Header Files\Common</Filter>
    </ClInclude>
    <ClInclude Include="..\Common\ptWinMessage.h">
      <Filter>Header Files\Common</Filter>
    </ClInclude>
    <ClInclude Include="..\Common\ptWinPath.h">
      <Filter>Header Files\Common</Filter>
    </ClInclude>
    <ClInclude Include="..\Common\sgi_stl_alloc.h">
      <Filter>Header Files\Common</Filter>
    </ClInclude>
    <ClInclude Include="..\Common\stl_config.h">
      <Filter>Header Files\Common</Filter>
    </ClInclude>
    <ClInclude Include="..\Common\stl_threads.h">
      <Filter>Header Files\Common</Filter>
    </ClInclude>
    <ClInclude Include="..\Common\WndShadow.h">
      <Filter>Header Files\Common</Filter>
    </ClInclude>
    <ClInclude Include="..\Core\XCSameDriveMoveFile.h">
      <Filter>Header Files\Core</Filter>
    </ClInclude>
    <ClInclude Include="ExportExtremeCopyAPI.h">
      <Filter>Header Files</Filter>
    </ClInclude>
    <ClInclude Include="ExtremeCopyApp.h">
      <Filter>Header Files</Filter>
    </ClInclude>
    <ClInclude Include="resource.h">
      <Filter>Header Files</Filter>
    </ClInclude>
  </ItemGroup>
  <ItemGroup>
    <None Include="ExtremeCopyDLL.def">
      <Filter>Header Files</Filter>
    </None>
    <None Include="ReadMe.txt" />
  </ItemGroup>
  <ItemGroup>
    <ResourceCompile Include="ExtremeCopyDLL.rc">
      <Filter>Resource Files</Filter>
    </ResourceCompile>
  </ItemGroup>
</Project>