<?xml version="1.0" encoding="utf-8"?>
<Project ToolsVersion="4.0" xmlns="http://schemas.microsoft.com/developer/msbuild/2003">
  <ItemGroup>
    <ClCompile Include="..\ExtremeCopy\App\ptMultipleLanguage.cpp" />
    <ClCompile Include="..\ExtremeCopy\App\UI\ptCommCtrl.cpp" />
    <ClCompile Include="..\ExtremeCopy\App\UI\ptDialog.cpp" />
    <ClCompile Include="..\ExtremeCopy\App\UI\ptWinToolTip.cpp" />
    <ClCompile Include="..\ExtremeCopy\App\XCConfiguration.cpp" />
    <ClCompile Include="..\ExtremeCopy\App\XCGlobal.cpp" />
    <ClCompile Include="..\ExtremeCopy\Common\ptCmdLineParser.cpp" />
    <ClCompile Include="..\ExtremeCopy\Common\ptFolderSize.cpp" />
    <ClCompile Include="..\ExtremeCopy\Common\ptMsgQue.cpp" />
    <ClCompile Include="..\ExtremeCopy\Common\ptNamePipe.cpp" />
    <ClCompile Include="..\ExtremeCopy\Common\ptRegistry.cpp" />
    <ClCompile Include="..\ExtremeCopy\Common\ptShellTray.cpp" />
    <ClCompile Include="..\ExtremeCopy\Common\ptString.cpp" />
    <ClCompile Include="..\ExtremeCopy\Common\ptThread.cpp" />
    <ClCompile Include="..\ExtremeCopy\Common\ptTime.cpp" />
    <ClCompile Include="..\ExtremeCopy\Common\ptWinHandleMang.cpp" />
    <ClCompile Include="..\ExtremeCopy\Common\ptWinPath.cpp" />
    <ClCompile Include="XCBugReportDlg.cpp" />
    <ClCompile Include="XZip.cpp" />
    <ClCompile Include="stdafx.cpp" />
    <ClCompile Include="..\ExtremeCopy\App\UI\CptComboBox.cpp" />
    <ClCompile Include="..\ExtremeCopy\App\UI\CptEditBox.cpp" />
    <ClCompile Include="..\ExtremeCopy\App\UI\CptFileDialog.cpp" />
    <ClCompile Include="..\ExtremeCopy\App\UI\CptImageList.cpp" />
    <ClCompile Include="..\ExtremeCopy\App\UI\CptListBox.cpp" />
    <ClCompile Include="..\ExtremeCopy\App\UI\CptProgressBar.cpp" />
    <ClCompile Include="..\ExtremeCopy\App\UI\CptPropertySheet.cpp" />
    <ClCompile Include="..\ExtremeCopy\App\UI\CptTabCtrl.cpp" />
    <ClCompile Include="..\ExtremeCopy\App\UI\Hyperlink.cpp" />
    <ClCompile Include="base64.cpp" />
    <ClCompile Include="BugReport.cpp" />
    <ClCompile Include="CSmtp.cpp" />
    <ClCompile Include="md5.cpp" />
  </ItemGroup>
  <ItemGroup>
    <ClInclude Include="..\ExtremeCopy\App\ptMultipleLanguage.h" />
    <ClInclude Include="..\ExtremeCopy\App\UI\ptCommCtrl.h" />
    <ClInclude Include="..\ExtremeCopy\App\UI\ptDialog.h" />
    <ClInclude Include="..\ExtremeCopy\App\XCConfiguration.h" />
    <ClInclude Include="..\ExtremeCopy\App\XCGlobal.h" />
    <ClInclude Include="..\ExtremeCopy\Common\ptCmdLineParser.h" />
    <ClInclude Include="..\ExtremeCopy\Common\ptFolderSize.h" />
    <ClInclude Include="..\ExtremeCopy\Common\ptGlobal.h" />
    <ClInclude Include="..\ExtremeCopy\Common\ptMsgQue.h" />
    <ClInclude Include="..\ExtremeCopy\Common\ptNamePipe.h" />
    <ClInclude Include="..\ExtremeCopy\Common\ptRegistry.h" />
    <ClInclude Include="..\ExtremeCopy\Common\ptShellTray.h" />
    <ClInclude Include="..\ExtremeCopy\Common\ptString.h" />
    <ClInclude Include="..\ExtremeCopy\Common\ptThread.h" />
    <ClInclude Include="..\ExtremeCopy\Common\ptThreadLock.h" />
    <ClInclude Include="..\ExtremeCopy\Common\ptTime.h" />
    <ClInclude Include="..\ExtremeCopy\Common\ptTypeDef.h" />
    <ClInclude Include="..\ExtremeCopy\Common\ptWinGraphic.h" />
    <ClInclude Include="..\ExtremeCopy\Common\ptWinHandleMang.h" />
    <ClInclude Include="..\ExtremeCopy\Common\ptWinMessage.h" />
    <ClInclude Include="..\ExtremeCopy\Common\ptWinPath.h" />
    <ClInclude Include="XCBugReportDlg.h" />
    <ClInclude Include="XZip.h" />
    <ClInclude Include="openssl\aes.h">
      <Filter>OpenSSL</Filter>
    </ClInclude>
    <ClInclude Include="openssl\asn1.h">
      <Filter>OpenSSL</Filter>
    </ClInclude>
    <ClInclude Include="openssl\asn1_mac.h">
      <Filter>OpenSSL</Filter>
    </ClInclude>
    <ClInclude Include="openssl\asn1t.h">
      <Filter>OpenSSL</Filter>
    </ClInclude>
    <ClInclude Include="openssl\bio.h">
      <Filter>OpenSSL</Filter>
    </ClInclude>
    <ClInclude Include="openssl\blowfish.h">
      <Filter>OpenSSL</Filter>
    </ClInclude>
    <ClInclude Include="openssl\bn.h">
      <Filter>OpenSSL</Filter>
    </ClInclude>
    <ClInclude Include="openssl\buffer.h">
      <Filter>OpenSSL</Filter>
    </ClInclude>
    <ClInclude Include="openssl\cast.h">
      <Filter>OpenSSL</Filter>
    </ClInclude>
    <ClInclude Include="openssl\comp.h">
      <Filter>OpenSSL</Filter>
    </ClInclude>
    <ClInclude Include="openssl\conf.h">
      <Filter>OpenSSL</Filter>
    </ClInclude>
    <ClInclude Include="openssl\conf_api.h">
      <Filter>OpenSSL</Filter>
    </ClInclude>
    <ClInclude Include="openssl\crypto.h">
      <Filter>OpenSSL</Filter>
    </ClInclude>
    <ClInclude Include="openssl\des.h">
      <Filter>OpenSSL</Filter>
    </ClInclude>
    <ClInclude Include="openssl\des_old.h">
      <Filter>OpenSSL</Filter>
    </ClInclude>
    <ClInclude Include="openssl\dh.h">
      <Filter>OpenSSL</Filter>
    </ClInclude>
    <ClInclude Include="openssl\dsa.h">
      <Filter>OpenSSL</Filter>
    </ClInclude>
    <ClInclude Include="openssl\dso.h">
      <Filter>OpenSSL</Filter>
    </ClInclude>
    <ClInclude Include="openssl\dtls1.h">
      <Filter>OpenSSL</Filter>
    </ClInclude>
    <ClInclude Include="openssl\e_os2.h">
      <Filter>OpenSSL</Filter>
    </ClInclude>
    <ClInclude Include="openssl\ebcdic.h">
      <Filter>OpenSSL</Filter>
    </ClInclude>
    <ClInclude Include="openssl\ec.h">
      <Filter>OpenSSL</Filter>
    </ClInclude>
    <ClInclude Include="openssl\ecdh.h">
      <Filter>OpenSSL</Filter>
    </ClInclude>
    <ClInclude Include="openssl\ecdsa.h">
      <Filter>OpenSSL</Filter>
    </ClInclude>
    <ClInclude Include="openssl\engine.h">
      <Filter>OpenSSL</Filter>
    </ClInclude>
    <ClInclude Include="openssl\err.h">
      <Filter>OpenSSL</Filter>
    </ClInclude>
    <ClInclude Include="openssl\evp.h">
      <Filter>OpenSSL</Filter>
    </ClInclude>
    <ClInclude Include="openssl\hmac.h">
      <Filter>OpenSSL</Filter>
    </ClInclude>
    <ClInclude Include="openssl\idea.h">
      <Filter>OpenSSL</Filter>
    </ClInclude>
    <ClInclude Include="openssl\krb5_asn.h">
      <Filter>OpenSSL</Filter>
    </ClInclude>
    <ClInclude Include="openssl\kssl.h">
      <Filter>OpenSSL</Filter>
    </ClInclude>
    <ClInclude Include="openssl\lhash.h">
      <Filter>OpenSSL</Filter>
    </ClInclude>
    <ClInclude Include="openssl\md2.h">
      <Filter>OpenSSL</Filter>
    </ClInclude>
    <ClInclude Include="openssl\md4.h">
      <Filter>OpenSSL</Filter>
    </ClInclude>
    <ClInclude Include="openssl\md5.h">
      <Filter>OpenSSL</Filter>
    </ClInclude>
    <ClInclude Include="openssl\obj_mac.h">
      <Filter>OpenSSL</Filter>
    </ClInclude>
    <ClInclude Include="openssl\objects.h">
      <Filter>OpenSSL</Filter>
    </ClInclude>
    <ClInclude Include="openssl\ocsp.h">
      <Filter>OpenSSL</Filter>
    </ClInclude>
    <ClInclude Include="openssl\opensslconf.h">
      <Filter>OpenSSL</Filter>
    </ClInclude>
    <ClInclude Include="openssl\opensslv.h">
      <Filter>OpenSSL</Filter>
    </ClInclude>
    <ClInclude Include="openssl\ossl_typ.h">
      <Filter>OpenSSL</Filter>
    </ClInclude>
    <ClInclude Include="openssl\pem.h">
      <Filter>OpenSSL</Filter>
    </ClInclude>
    <ClInclude Include="openssl\pem2.h">
      <Filter>OpenSSL</Filter>
    </ClInclude>
    <ClInclude Include="openssl\pkcs7.h">
      <Filter>OpenSSL</Filter>
    </ClInclude>
    <ClInclude Include="openssl\pkcs12.h">
      <Filter>OpenSSL</Filter>
    </ClInclude>
    <ClInclude Include="openssl\pq_compat.h">
      <Filter>OpenSSL</Filter>
    </ClInclude>
    <ClInclude Include="openssl\pqueue.h">
      <Filter>OpenSSL</Filter>
    </ClInclude>
    <ClInclude Include="openssl\rand.h">
      <Filter>OpenSSL</Filter>
    </ClInclude>
    <ClInclude Include="openssl\rc2.h">
      <Filter>OpenSSL</Filter>
    </ClInclude>
    <ClInclude Include="openssl\rc4.h">
      <Filter>OpenSSL</Filter>
    </ClInclude>
    <ClInclude Include="openssl\ripemd.h">
      <Filter>OpenSSL</Filter>
    </ClInclude>
    <ClInclude Include="openssl\rsa.h">
      <Filter>OpenSSL</Filter>
    </ClInclude>
    <ClInclude Include="openssl\safestack.h">
      <Filter>OpenSSL</Filter>
    </ClInclude>
    <ClInclude Include="openssl\sha.h">
      <Filter>OpenSSL</Filter>
    </ClInclude>
    <ClInclude Include="openssl\ssl.h">
      <Filter>OpenSSL</Filter>
    </ClInclude>
    <ClInclude Include="openssl\ssl2.h">
      <Filter>OpenSSL</Filter>
    </ClInclude>
    <ClInclude Include="openssl\ssl3.h">
      <Filter>OpenSSL</Filter>
    </ClInclude>
    <ClInclude Include="openssl\ssl23.h">
      <Filter>OpenSSL</Filter>
    </ClInclude>
    <ClInclude Include="openssl\stack.h">
      <Filter>OpenSSL</Filter>
    </ClInclude>
    <ClInclude Include="openssl\store.h">
      <Filter>OpenSSL</Filter>
    </ClInclude>
    <ClInclude Include="openssl\symhacks.h">
      <Filter>OpenSSL</Filter>
    </ClInclude>
    <ClInclude Include="openssl\tls1.h">
      <Filter>OpenSSL</Filter>
    </ClInclude>
    <ClInclude Include="openssl\tmdiff.h">
      <Filter>OpenSSL</Filter>
    </ClInclude>
    <ClInclude Include="openssl\txt_db.h">
      <Filter>OpenSSL</Filter>
    </ClInclude>
    <ClInclude Include="openssl\ui.h">
      <Filter>OpenSSL</Filter>
    </ClInclude>
    <ClInclude Include="openssl\ui_compat.h">
      <Filter>OpenSSL</Filter>
    </ClInclude>
    <ClInclude Include="openssl\x509.h">
      <Filter>OpenSSL</Filter>
    </ClInclude>
    <ClInclude Include="openssl\x509_vfy.h">
      <Filter>OpenSSL</Filter>
    </ClInclude>
    <ClInclude Include="openssl\x509v3.h">
      <Filter>OpenSSL</Filter>
    </ClInclude>
    <ClInclude Include="stdafx.h" />
    <ClInclude Include="..\ExtremeCopy\App\UI\CptComboBox.h" />
    <ClInclude Include="..\ExtremeCopy\App\UI\CptEditBox.h" />
    <ClInclude Include="..\ExtremeCopy\App\UI\CptFileDialog.h" />
    <ClInclude Include="..\ExtremeCopy\App\UI\CptImageList.h" />
    <ClInclude Include="..\ExtremeCopy\App\UI\CptListBox.h" />
    <ClInclude Include="..\ExtremeCopy\App\UI\CptProgressBar.h" />
    <ClInclude Include="..\ExtremeCopy\App\UI\CptPropertySheet.h" />
    <ClInclude Include="..\ExtremeCopy\App\UI\CptTabCtrl.h" />
    <ClInclude Include="..\ExtremeCopy\App\UI\Hyperlink.h" />
    <ClInclude Include="..\ExtremeCopy\Common\sgi_stl_alloc.h" />
    <ClInclude Include="..\ExtremeCopy\Common\stl_config.h" />
    <ClInclude Include="..\ExtremeCopy\Common\stl_threads.h" />
    <ClInclude Include="..\ExtremeCopy\Common\WndShadow.h" />
    <ClInclude Include="base64.h" />
    <ClInclude Include="BugReport.h" />
    <ClInclude Include="CSmtp.h" />
    <ClInclude Include="md5.h" />
    <ClInclude Include="Resource.h" />
    <ClInclude Include="targetver.h" />
  </ItemGroup>
  <ItemGroup>
    <Filter Include="OpenSSL">
      <UniqueIdentifier>{1bb36c62-b46d-4ea6-b6be-5ef7ce5c6c02}</UniqueIdentifier>
    </Filter>
  </ItemGroup>
  <ItemGroup>
    <ResourceCompile Include="BugReport.rc" />
  </ItemGroup>
  <ItemGroup>
    <None Include="BugReport.ico" />
    <None Include="ReadMe.txt" />
    <None Include="small.ico" />
  </ItemGroup>
</Project>