
Microsoft Visual Studio Solution File, Format Version 11.00
# Visual Studio 2010
Project("{FAE04EC0-301F-11D3-BF4B-00C04F79EFBC}") = "demo", "demo.csproj", "{BCE49E71-8F2E-48FC-9949-FA3BB454D69C}"
EndProject
Global
	GlobalSection(SolutionConfigurationPlatforms) = preSolution
		Debug|Any CPU = Debug|Any CPU
		Release|Any CPU = Release|Any CPU
	EndGlobalSection
	GlobalSection(ProjectConfigurationPlatforms) = postSolution
		{BCE49E71-8F2E-48FC-9949-FA3BB454D69C}.Debug|Any CPU.ActiveCfg = Debug|Any CPU
		{BCE49E71-8F2E-48FC-9949-FA3BB454D69C}.Debug|Any CPU.Build.0 = Debug|Any CPU
		{BCE49E71-8F2E-48FC-9949-FA3BB454D69C}.Release|Any CPU.ActiveCfg = Release|Any CPU
		{BCE49E71-8F2E-48FC-9949-FA3BB454D69C}.Release|Any CPU.Build.0 = Release|Any CPU
	EndGlobalSection
	GlobalSection(SolutionProperties) = preSolution
		HideSolutionNode = FALSE
	EndGlobalSection
EndGlobal
